
Microsoft Visual Studio Solution File, Format Version 12.00
# Visual Studio Version 16
VisualStudioVersion = 16.0.29418.71
MinimumVisualStudioVersion = 10.0.40219.1
Project("{9A19103F-16F7-4668-BE54-9A1E7A4F7556}") = "Pilgrim", "Pilgrim\Pilgrim.csproj", "{636187D6-580E-4191-880F-7512D5585AAE}"
EndProject
Project("{FAE04EC0-301F-11D3-BF4B-00C04F79EFBC}") = "Pilgrim.SecretManagement", "Pilgrim.SecretManagement\Pilgrim.SecretManagement.csproj", "{68CA8099-91CB-42CF-BAD6-67565326B930}"
EndProject
Project("{FAE04EC0-301F-11D3-BF4B-00C04F79EFBC}") = "Pilgrim.SecretManagement.Tests.UnitTests", "Pilgrim.SecretManagement.Tests.UnitTests\Pilgrim.SecretManagement.Tests.UnitTests.csproj", "{B917C26D-9E4A-4917-A913-73A0FD4FF369}"
EndProject
Global
	GlobalSection(SolutionConfigurationPlatforms) = preSolution
		Debug|Any CPU = Debug|Any CPU
		Release|Any CPU = Release|Any CPU
	EndGlobalSection
	GlobalSection(ProjectConfigurationPlatforms) = postSolution
		{636187D6-580E-4191-880F-7512D5585AAE}.Debug|Any CPU.ActiveCfg = Debug|Any CPU
		{636187D6-580E-4191-880F-7512D5585AAE}.Debug|Any CPU.Build.0 = Debug|Any CPU
		{636187D6-580E-4191-880F-7512D5585AAE}.Release|Any CPU.ActiveCfg = Release|Any CPU
		{636187D6-580E-4191-880F-7512D5585AAE}.Release|Any CPU.Build.0 = Release|Any CPU
		{68CA8099-91CB-42CF-BAD6-67565326B930}.Debug|Any CPU.ActiveCfg = Debug|Any CPU
		{68CA8099-91CB-42CF-BAD6-67565326B930}.Debug|Any CPU.Build.0 = Debug|Any CPU
		{68CA8099-91CB-42CF-BAD6-67565326B930}.Release|Any CPU.ActiveCfg = Release|Any CPU
		{68CA8099-91CB-42CF-BAD6-67565326B930}.Release|Any CPU.Build.0 = Release|Any CPU
		{B917C26D-9E4A-4917-A913-73A0FD4FF369}.Debug|Any CPU.ActiveCfg = Debug|Any CPU
		{B917C26D-9E4A-4917-A913-73A0FD4FF369}.Debug|Any CPU.Build.0 = Debug|Any CPU
		{B917C26D-9E4A-4917-A913-73A0FD4FF369}.Release|Any CPU.ActiveCfg = Release|Any CPU
		{B917C26D-9E4A-4917-A913-73A0FD4FF369}.Release|Any CPU.Build.0 = Release|Any CPU
	EndGlobalSection
	GlobalSection(SolutionProperties) = preSolution
		HideSolutionNode = FALSE
	EndGlobalSection
	GlobalSection(ExtensibilityGlobals) = postSolution
		SolutionGuid = {781ECA71-680A-4F37-8501-5929552B3224}
	EndGlobalSection
EndGlobal
